
Microsoft Visual Studio Solution File, Format Version 12.00
# Visual Studio Version 16
VisualStudioVersion = 16.0.810.23
MinimumVisualStudioVersion = 10.0.40219.1
Project("{FAE04EC0-301F-11D3-BF4B-00C04F79EFBC}") = "MethodExercise", "MethodExercise\MethodExercise.csproj", "{4F281283-1D73-48A3-A285-408211434E9D}"
EndProject
Global
	GlobalSection(SolutionConfigurationPlatforms) = preSolution
		Debug|Any CPU = Debug|Any CPU
		Release|Any CPU = Release|Any CPU
	EndGlobalSection
	GlobalSection(ProjectConfigurationPlatforms) = postSolution
		{4F281283-1D73-48A3-A285-408211434E9D}.Debug|Any CPU.ActiveCfg = Debug|Any CPU
		{4F281283-1D73-48A3-A285-408211434E9D}.Debug|Any CPU.Build.0 = Debug|Any CPU
		{4F281283-1D73-48A3-A285-408211434E9D}.Release|Any CPU.ActiveCfg = Release|Any CPU
		{4F281283-1D73-48A3-A285-408211434E9D}.Release|Any CPU.Build.0 = Release|Any CPU
	EndGlobalSection
	GlobalSection(SolutionProperties) = preSolution
		HideSolutionNode = FALSE
	EndGlobalSection
	GlobalSection(ExtensibilityGlobals) = postSolution
		SolutionGuid = {6855E5FC-A65F-4D8D-B5C2-EE2BA2EDDA15}
	EndGlobalSection
EndGlobal
